
Microsoft Visual Studio Solution File, Format Version 12.00
# Visual Studio Version 17
VisualStudioVersion = 17.11.35219.272
MinimumVisualStudioVersion = 10.0.40219.1
Project("{FAE04EC0-301F-11D3-BF4B-00C04F79EFBC}") = "ProyectoFinal.Web", "ProyectoFinal\ProyectoFinal.Web.csproj", "{EF9CD45F-2322-4602-A1C1-F53F216F3F14}"
EndProject
Project("{FAE04EC0-301F-11D3-BF4B-00C04F79EFBC}") = "ProyectoFinal.Application", "ProyectoFinal.Application\ProyectoFinal.Application.csproj", "{1F97FFE5-994B-4DBD-AB0A-7D4B34165676}"
EndProject
Project("{FAE04EC0-301F-11D3-BF4B-00C04F79EFBC}") = "ProyectoFinal.Dominio", "ProyectoFinal.Dominio\ProyectoFinal.Dominio.csproj", "{D8974179-EF2B-4C58-9E02-9043A06C7AEC}"
EndProject
Project("{FAE04EC0-301F-11D3-BF4B-00C04F79EFBC}") = "ProyectoFinal.Infraestructura", "ProyectoFinal.Infraestructura\ProyectoFinal.Infraestructura.csproj", "{EC1D92B8-453F-4ECA-860F-264016037179}"
EndProject
Global
	GlobalSection(SolutionConfigurationPlatforms) = preSolution
		Debug|Any CPU = Debug|Any CPU
		Release|Any CPU = Release|Any CPU
	EndGlobalSection
	GlobalSection(ProjectConfigurationPlatforms) = postSolution
		{EF9CD45F-2322-4602-A1C1-F53F216F3F14}.Debug|Any CPU.ActiveCfg = Debug|Any CPU
		{EF9CD45F-2322-4602-A1C1-F53F216F3F14}.Debug|Any CPU.Build.0 = Debug|Any CPU
		{EF9CD45F-2322-4602-A1C1-F53F216F3F14}.Release|Any CPU.ActiveCfg = Release|Any CPU
		{EF9CD45F-2322-4602-A1C1-F53F216F3F14}.Release|Any CPU.Build.0 = Release|Any CPU
		{1F97FFE5-994B-4DBD-AB0A-7D4B34165676}.Debug|Any CPU.ActiveCfg = Debug|Any CPU
		{1F97FFE5-994B-4DBD-AB0A-7D4B34165676}.Debug|Any CPU.Build.0 = Debug|Any CPU
		{1F97FFE5-994B-4DBD-AB0A-7D4B34165676}.Release|Any CPU.ActiveCfg = Release|Any CPU
		{1F97FFE5-994B-4DBD-AB0A-7D4B34165676}.Release|Any CPU.Build.0 = Release|Any CPU
		{D8974179-EF2B-4C58-9E02-9043A06C7AEC}.Debug|Any CPU.ActiveCfg = Debug|Any CPU
		{D8974179-EF2B-4C58-9E02-9043A06C7AEC}.Debug|Any CPU.Build.0 = Debug|Any CPU
		{D8974179-EF2B-4C58-9E02-9043A06C7AEC}.Release|Any CPU.ActiveCfg = Release|Any CPU
		{D8974179-EF2B-4C58-9E02-9043A06C7AEC}.Release|Any CPU.Build.0 = Release|Any CPU
		{EC1D92B8-453F-4ECA-860F-264016037179}.Debug|Any CPU.ActiveCfg = Debug|Any CPU
		{EC1D92B8-453F-4ECA-860F-264016037179}.Debug|Any CPU.Build.0 = Debug|Any CPU
		{EC1D92B8-453F-4ECA-860F-264016037179}.Release|Any CPU.ActiveCfg = Release|Any CPU
		{EC1D92B8-453F-4ECA-860F-264016037179}.Release|Any CPU.Build.0 = Release|Any CPU
	EndGlobalSection
	GlobalSection(SolutionProperties) = preSolution
		HideSolutionNode = FALSE
	EndGlobalSection
	GlobalSection(ExtensibilityGlobals) = postSolution
		SolutionGuid = {84F8DB54-A8B5-4B3C-9439-A93BEBA15BE8}
	EndGlobalSection
EndGlobal
